{
    "_readme": [
        "This file locks the dependencies of your project to a known state",
        "Read more about it at https://getcomposer.org/doc/01-basic-usage.md#installing-dependencies",
        "This file is @generated automatically"
    ],
    "content-hash": "b949fd76637af17c3b2e51e497474f6a",
    "packages": [
        {
            "name": "pear/text_diff",
            "version": "v1.2.3",
            "source": {
                "type": "git",
                "url": "https://github.com/pear/Text_Diff.git",
                "reference": "576c1be4af3f8b2e4fe7a16eead0740a822b5797"
            },
            "dist": {
                "type": "zip",
                "url": "https://api.github.com/repos/pear/Text_Diff/zipball/576c1be4af3f8b2e4fe7a16eead0740a822b5797",
                "reference": "576c1be4af3f8b2e4fe7a16eead0740a822b5797",
                "shasum": ""
            },
            "type": "library",
            "autoload": {
                "classmap": [
                    "Text/"
                ]
            },
            "notification-url": "https://packagist.org/downloads/",
            "license": [
                "LGPL-3.0"
            ],
            "description": "Engine for performing and rendering text diffs",
            "homepage": "http://pear.php.net/package/Text_Diff",
            "keywords": [
                "PEAR",
                "diff",
                "text"
            ],
            "support": {
                "issues": "http://pear.php.net/bugs/search.php?cmd=display&package_name[]=Text_Diff",
                "source": "https://github.com/pear/Text_Diff"
            },
            "time": "2024-03-10T17:35:35+00:00"
        }
    ],
    "packages-dev": [],
    "aliases": [],
    "minimum-stability": "stable",
    "stability-flags": [],
    "prefer-stable": false,
    "prefer-lowest": false,
    "platform": [],
    "platform-dev": [],
    "plugin-api-version": "2.3.0"
}
